// !$*UTF8*$!
{
	archiveVersion = 1;
	classes = {
	};
	objectVersion = 50;
	objects = {

/* Begin PBXBuildFile section */
		3A12A29B25DF87140084CFFE /* Main.storyboard in Resources */ = {isa = PBXBuildFile; fileRef = 3A12A29A25DF87140084CFFE /* Main.storyboard */; };
		3A5D7A5925DA383B0047258F /* SuccessGraph.swift in Sources */ = {isa = PBXBuildFile; fileRef = 3A5D7A5825DA383B0047258F /* SuccessGraph.swift */; };
		3AF6C5F725D4F6CC00D3DFB1 /* GimmeADateApp.swift in Sources */ = {isa = PBXBuildFile; fileRef = 3AF6C5F625D4F6CC00D3DFB1 /* GimmeADateApp.swift */; };
		3AF6C5F925D4F6CC00D3DFB1 /* ContentView.swift in Sources */ = {isa = PBXBuildFile; fileRef = 3AF6C5F825D4F6CC00D3DFB1 /* ContentView.swift */; };
		3AF6C5FB25D4F6CD00D3DFB1 /* Assets.xcassets in Resources */ = {isa = PBXBuildFile; fileRef = 3AF6C5FA25D4F6CD00D3DFB1 /* Assets.xcassets */; };
		3AF6C5FE25D4F6CD00D3DFB1 /* Preview Assets.xcassets in Resources */ = {isa = PBXBuildFile; fileRef = 3AF6C5FD25D4F6CD00D3DFB1 /* Preview Assets.xcassets */; };
		3AF6C60925D4F6CD00D3DFB1 /* GimmeADateTests.swift in Sources */ = {isa = PBXBuildFile; fileRef = 3AF6C60825D4F6CD00D3DFB1 /* GimmeADateTests.swift */; };
		3AF6C61425D4F6CD00D3DFB1 /* GimmeADateUITests.swift in Sources */ = {isa = PBXBuildFile; fileRef = 3AF6C61325D4F6CD00D3DFB1 /* GimmeADateUITests.swift */; };
		3AF6C62625D506D500D3DFB1 /* CalendarImage.swift in Sources */ = {isa = PBXBuildFile; fileRef = 3AF6C62525D506D500D3DFB1 /* CalendarImage.swift */; };
/* End PBXBuildFile section */

/* Begin PBXContainerItemProxy section */
		3AF6C60525D4F6CD00D3DFB1 /* PBXContainerItemProxy */ = {
			isa = PBXContainerItemProxy;
			containerPortal = 3AF6C5EB25D4F6CC00D3DFB1 /* Project object */;
			proxyType = 1;
			remoteGlobalIDString = 3AF6C5F225D4F6CC00D3DFB1;
			remoteInfo = GimmeADate;
		};
		3AF6C61025D4F6CD00D3DFB1 /* PBXContainerItemProxy */ = {
			isa = PBXContainerItemProxy;
			containerPortal = 3AF6C5EB25D4F6CC00D3DFB1 /* Project object */;
			proxyType = 1;
			remoteGlobalIDString = 3AF6C5F225D4F6CC00D3DFB1;
			remoteInfo = GimmeADate;
		};
/* End PBXContainerItemProxy section */

/* Begin PBXFileReference section */
		3A12A29A25DF87140084CFFE /* Main.storyboard */ = {isa = PBXFileReference; lastKnownFileType = file.storyboard; path = Main.storyboard; sourceTree = "<group>"; };
		3A5D7A5825DA383B0047258F /* SuccessGraph.swift */ = {isa = PBXFileReference; lastKnownFileType = sourcecode.swift; path = SuccessGraph.swift; sourceTree = "<group>"; };
		3AF6C5F325D4F6CC00D3DFB1 /* GimmeADate.app */ = {isa = PBXFileReference; explicitFileType = wrapper.application; includeInIndex = 0; path = GimmeADate.app; sourceTree = BUILT_PRODUCTS_DIR; };
		3AF6C5F625D4F6CC00D3DFB1 /* GimmeADateApp.swift */ = {isa = PBXFileReference; lastKnownFileType = sourcecode.swift; path = GimmeADateApp.swift; sourceTree = "<group>"; };
		3AF6C5F825D4F6CC00D3DFB1 /* ContentView.swift */ = {isa = PBXFileReference; lastKnownFileType = sourcecode.swift; path = ContentView.swift; sourceTree = "<group>"; };
		3AF6C5FA25D4F6CD00D3DFB1 /* Assets.xcassets */ = {isa = PBXFileReference; lastKnownFileType = folder.assetcatalog; path = Assets.xcassets; sourceTree = "<group>"; };
		3AF6C5FD25D4F6CD00D3DFB1 /* Preview Assets.xcassets */ = {isa = PBXFileReference; lastKnownFileType = folder.assetcatalog; path = "Preview Assets.xcassets"; sourceTree = "<group>"; };
		3AF6C5FF25D4F6CD00D3DFB1 /* Info.plist */ = {isa = PBXFileReference; lastKnownFileType = text.plist.xml; path = Info.plist; sourceTree = "<group>"; };
		3AF6C60425D4F6CD00D3DFB1 /* GimmeADateTests.xctest */ = {isa = PBXFileReference; explicitFileType = wrapper.cfbundle; includeInIndex = 0; path = GimmeADateTests.xctest; sourceTree = BUILT_PRODUCTS_DIR; };
		3AF6C60825D4F6CD00D3DFB1 /* GimmeADateTests.swift */ = {isa = PBXFileReference; lastKnownFileType = sourcecode.swift; path = GimmeADateTests.swift; sourceTree = "<group>"; };
		3AF6C60A25D4F6CD00D3DFB1 /* Info.plist */ = {isa = PBXFileReference; lastKnownFileType = text.plist.xml; path = Info.plist; sourceTree = "<group>"; };
		3AF6C60F25D4F6CD00D3DFB1 /* GimmeADateUITests.xctest */ = {isa = PBXFileReference; explicitFileType = wrapper.cfbundle; includeInIndex = 0; path = GimmeADateUITests.xctest; sourceTree = BUILT_PRODUCTS_DIR; };
		3AF6C61325D4F6CD00D3DFB1 /* GimmeADateUITests.swift */ = {isa = PBXFileReference; lastKnownFileType = sourcecode.swift; path = GimmeADateUITests.swift; sourceTree = "<group>"; };
		3AF6C61525D4F6CD00D3DFB1 /* Info.plist */ = {isa = PBXFileReference; lastKnownFileType = text.plist.xml; path = Info.plist; sourceTree = "<group>"; };
		3AF6C62525D506D500D3DFB1 /* CalendarImage.swift */ = {isa = PBXFileReference; lastKnownFileType = sourcecode.swift; path = CalendarImage.swift; sourceTree = "<group>"; };
/* End PBXFileReference section */

/* Begin PBXFrameworksBuildPhase section */
		3AF6C5F025D4F6CC00D3DFB1 /* Frameworks */ = {
			isa = PBXFrameworksBuildPhase;
			buildActionMask = 2147483647;
			files = (
			);
			runOnlyForDeploymentPostprocessing = 0;
		};
		3AF6C60125D4F6CD00D3DFB1 /* Frameworks */ = {
			isa = PBXFrameworksBuildPhase;
			buildActionMask = 2147483647;
			files = (
			);
			runOnlyForDeploymentPostprocessing = 0;
		};
		3AF6C60C25D4F6CD00D3DFB1 /* Frameworks */ = {
			isa = PBXFrameworksBuildPhase;
			buildActionMask = 2147483647;
			files = (
			);
			runOnlyForDeploymentPostprocessing = 0;
		};
/* End PBXFrameworksBuildPhase section */

/* Begin PBXGroup section */
		3AF6C5EA25D4F6CC00D3DFB1 = {
			isa = PBXGroup;
			children = (
				3AF6C5F525D4F6CC00D3DFB1 /* GimmeADate */,
				3AF6C60725D4F6CD00D3DFB1 /* GimmeADateTests */,
				3AF6C61225D4F6CD00D3DFB1 /* GimmeADateUITests */,
				3AF6C5F425D4F6CC00D3DFB1 /* Products */,
			);
			sourceTree = "<group>";
		};
		3AF6C5F425D4F6CC00D3DFB1 /* Products */ = {
			isa = PBXGroup;
			children = (
				3AF6C5F325D4F6CC00D3DFB1 /* GimmeADate.app */,
				3AF6C60425D4F6CD00D3DFB1 /* GimmeADateTests.xctest */,
				3AF6C60F25D4F6CD00D3DFB1 /* GimmeADateUITests.xctest */,
			);
			name = Products;
			sourceTree = "<group>";
		};
		3AF6C5F525D4F6CC00D3DFB1 /* GimmeADate */ = {
			isa = PBXGroup;
			children = (
				3AF6C5F625D4F6CC00D3DFB1 /* GimmeADateApp.swift */,
				3AF6C5F825D4F6CC00D3DFB1 /* ContentView.swift */,
				3AF6C62525D506D500D3DFB1 /* CalendarImage.swift */,
				3A5D7A5825DA383B0047258F /* SuccessGraph.swift */,
				3AF6C5FA25D4F6CD00D3DFB1 /* Assets.xcassets */,
				3AF6C5FF25D4F6CD00D3DFB1 /* Info.plist */,
				3A12A29A25DF87140084CFFE /* Main.storyboard */,
				3AF6C5FC25D4F6CD00D3DFB1 /* Preview Content */,
			);
			path = GimmeADate;
			sourceTree = "<group>";
		};
		3AF6C5FC25D4F6CD00D3DFB1 /* Preview Content */ = {
			isa = PBXGroup;
			children = (
				3AF6C5FD25D4F6CD00D3DFB1 /* Preview Assets.xcassets */,
			);
			path = "Preview Content";
			sourceTree = "<group>";
		};
		3AF6C60725D4F6CD00D3DFB1 /* GimmeADateTests */ = {
			isa = PBXGroup;
			children = (
				3AF6C60825D4F6CD00D3DFB1 /* GimmeADateTests.swift */,
				3AF6C60A25D4F6CD00D3DFB1 /* Info.plist */,
			);
			path = GimmeADateTests;
			sourceTree = "<group>";
		};
		3AF6C61225D4F6CD00D3DFB1 /* GimmeADateUITests */ = {
			isa = PBXGroup;
			children = (
				3AF6C61325D4F6CD00D3DFB1 /* GimmeADateUITests.swift */,
				3AF6C61525D4F6CD00D3DFB1 /* Info.plist */,
			);
			path = GimmeADateUITests;
			sourceTree = "<group>";
		};
/* End PBXGroup section */

/* Begin PBXNativeTarget section */
		3AF6C5F225D4F6CC00D3DFB1 /* GimmeADate */ = {
			isa = PBXNativeTarget;
			buildConfigurationList = 3AF6C61825D4F6CD00D3DFB1 /* Build configuration list for PBXNativeTarget "GimmeADate" */;
			buildPhases = (
				3AF6C5EF25D4F6CC00D3DFB1 /* Sources */,
				3AF6C5F025D4F6CC00D3DFB1 /* Frameworks */,
				3AF6C5F125D4F6CC00D3DFB1 /* Resources */,
			);
			buildRules = (
			);
			dependencies = (
			);
			name = GimmeADate;
			productName = GimmeADate;
			productReference = 3AF6C5F325D4F6CC00D3DFB1 /* GimmeADate.app */;
			productType = "com.apple.product-type.application";
		};
		3AF6C60325D4F6CD00D3DFB1 /* GimmeADateTests */ = {
			isa = PBXNativeTarget;
			buildConfigurationList = 3AF6C61B25D4F6CD00D3DFB1 /* Build configuration list for PBXNativeTarget "GimmeADateTests" */;
			buildPhases = (
				3AF6C60025D4F6CD00D3DFB1 /* Sources */,
				3AF6C60125D4F6CD00D3DFB1 /* Frameworks */,
				3AF6C60225D4F6CD00D3DFB1 /* Resources */,
			);
			buildRules = (
			);
			dependencies = (
				3AF6C60625D4F6CD00D3DFB1 /* PBXTargetDependency */,
			);
			name = GimmeADateTests;
			productName = GimmeADateTests;
			productReference = 3AF6C60425D4F6CD00D3DFB1 /* GimmeADateTests.xctest */;
			productType = "com.apple.product-type.bundle.unit-test";
		};
		3AF6C60E25D4F6CD00D3DFB1 /* GimmeADateUITests */ = {
			isa = PBXNativeTarget;
			buildConfigurationList = 3AF6C61E25D4F6CD00D3DFB1 /* Build configuration list for PBXNativeTarget "GimmeADateUITests" */;
			buildPhases = (
				3AF6C60B25D4F6CD00D3DFB1 /* Sources */,
				3AF6C60C25D4F6CD00D3DFB1 /* Frameworks */,
				3AF6C60D25D4F6CD00D3DFB1 /* Resources */,
			);
			buildRules = (
			);
			dependencies = (
				3AF6C61125D4F6CD00D3DFB1 /* PBXTargetDependency */,
			);
			name = GimmeADateUITests;
			productName = GimmeADateUITests;
			productReference = 3AF6C60F25D4F6CD00D3DFB1 /* GimmeADateUITests.xctest */;
			productType = "com.apple.product-type.bundle.ui-testing";
		};
/* End PBXNativeTarget section */

/* Begin PBXProject section */
		3AF6C5EB25D4F6CC00D3DFB1 /* Project object */ = {
			isa = PBXProject;
			attributes = {
				LastSwiftUpdateCheck = 1250;
				LastUpgradeCheck = 1250;
				TargetAttributes = {
					3AF6C5F225D4F6CC00D3DFB1 = {
						CreatedOnToolsVersion = 12.5;
					};
					3AF6C60325D4F6CD00D3DFB1 = {
						CreatedOnToolsVersion = 12.5;
						TestTargetID = 3AF6C5F225D4F6CC00D3DFB1;
					};
					3AF6C60E25D4F6CD00D3DFB1 = {
						CreatedOnToolsVersion = 12.5;
						TestTargetID = 3AF6C5F225D4F6CC00D3DFB1;
					};
				};
			};
			buildConfigurationList = 3AF6C5EE25D4F6CC00D3DFB1 /* Build configuration list for PBXProject "GimmeADate" */;
			compatibilityVersion = "Xcode 9.3";
			developmentRegion = en;
			hasScannedForEncodings = 0;
			knownRegions = (
				en,
				Base,
			);
			mainGroup = 3AF6C5EA25D4F6CC00D3DFB1;
			productRefGroup = 3AF6C5F425D4F6CC00D3DFB1 /* Products */;
			projectDirPath = "";
			projectRoot = "";
			targets = (
				3AF6C5F225D4F6CC00D3DFB1 /* GimmeADate */,
				3AF6C60325D4F6CD00D3DFB1 /* GimmeADateTests */,
				3AF6C60E25D4F6CD00D3DFB1 /* GimmeADateUITests */,
			);
		};
/* End PBXProject section */

/* Begin PBXResourcesBuildPhase section */
		3AF6C5F125D4F6CC00D3DFB1 /* Resources */ = {
			isa = PBXResourcesBuildPhase;
			buildActionMask = 2147483647;
			files = (
				3AF6C5FE25D4F6CD00D3DFB1 /* Preview Assets.xcassets in Resources */,
				3AF6C5FB25D4F6CD00D3DFB1 /* Assets.xcassets in Resources */,
				3A12A29B25DF87140084CFFE /* Main.storyboard in Resources */,
			);
			runOnlyForDeploymentPostprocessing = 0;
		};
		3AF6C60225D4F6CD00D3DFB1 /* Resources */ = {
			isa = PBXResourcesBuildPhase;
			buildActionMask = 2147483647;
			files = (
			);
			runOnlyForDeploymentPostprocessing = 0;
		};
		3AF6C60D25D4F6CD00D3DFB1 /* Resources */ = {
			isa = PBXResourcesBuildPhase;
			buildActionMask = 2147483647;
			files = (
			);
			runOnlyForDeploymentPostprocessing = 0;
		};
/* End PBXResourcesBuildPhase section */

/* Begin PBXSourcesBuildPhase section */
		3AF6C5EF25D4F6CC00D3DFB1 /* Sources */ = {
			isa = PBXSourcesBuildPhase;
			buildActionMask = 2147483647;
			files = (
				3A5D7A5925DA383B0047258F /* SuccessGraph.swift in Sources */,
				3AF6C62625D506D500D3DFB1 /* CalendarImage.swift in Sources */,
				3AF6C5F925D4F6CC00D3DFB1 /* ContentView.swift in Sources */,
				3AF6C5F725D4F6CC00D3DFB1 /* GimmeADateApp.swift in Sources */,
			);
			runOnlyForDeploymentPostprocessing = 0;
		};
		3AF6C60025D4F6CD00D3DFB1 /* Sources */ = {
			isa = PBXSourcesBuildPhase;
			buildActionMask = 2147483647;
			files = (
				3AF6C60925D4F6CD00D3DFB1 /* GimmeADateTests.swift in Sources */,
			);
			runOnlyForDeploymentPostprocessing = 0;
		};
		3AF6C60B25D4F6CD00D3DFB1 /* Sources */ = {
			isa = PBXSourcesBuildPhase;
			buildActionMask = 2147483647;
			files = (
				3AF6C61425D4F6CD00D3DFB1 /* GimmeADateUITests.swift in Sources */,
			);
			runOnlyForDeploymentPostprocessing = 0;
		};
/* End PBXSourcesBuildPhase section */

/* Begin PBXTargetDependency section */
		3AF6C60625D4F6CD00D3DFB1 /* PBXTargetDependency */ = {
			isa = PBXTargetDependency;
			target = 3AF6C5F225D4F6CC00D3DFB1 /* GimmeADate */;
			targetProxy = 3AF6C60525D4F6CD00D3DFB1 /* PBXContainerItemProxy */;
		};
		3AF6C61125D4F6CD00D3DFB1 /* PBXTargetDependency */ = {
			isa = PBXTargetDependency;
			target = 3AF6C5F225D4F6CC00D3DFB1 /* GimmeADate */;
			targetProxy = 3AF6C61025D4F6CD00D3DFB1 /* PBXContainerItemProxy */;
		};
/* End PBXTargetDependency section */

/* Begin XCBuildConfiguration section */
		3AF6C61625D4F6CD00D3DFB1 /* Debug */ = {
			isa = XCBuildConfiguration;
			buildSettings = {
				ALWAYS_SEARCH_USER_PATHS = NO;
				CLANG_ANALYZER_NONNULL = YES;
				CLANG_ANALYZER_NUMBER_OBJECT_CONVERSION = YES_AGGRESSIVE;
				CLANG_CXX_LANGUAGE_STANDARD = "gnu++14";
				CLANG_CXX_LIBRARY = "libc++";
				CLANG_ENABLE_MODULES = YES;
				CLANG_ENABLE_OBJC_ARC = YES;
				CLANG_ENABLE_OBJC_WEAK = YES;
				CLANG_WARN_BLOCK_CAPTURE_AUTORELEASING = YES;
				CLANG_WARN_BOOL_CONVERSION = YES;
				CLANG_WARN_COMMA = YES;
				CLANG_WARN_CONSTANT_CONVERSION = YES;
				CLANG_WARN_DEPRECATED_OBJC_IMPLEMENTATIONS = YES;
				CLANG_WARN_DIRECT_OBJC_ISA_USAGE = YES_ERROR;
				CLANG_WARN_DOCUMENTATION_COMMENTS = YES;
				CLANG_WARN_EMPTY_BODY = YES;
				CLANG_WARN_ENUM_CONVERSION = YES;
				CLANG_WARN_INFINITE_RECURSION = YES;
				CLANG_WARN_INT_CONVERSION = YES;
				CLANG_WARN_NON_LITERAL_NULL_CONVERSION = YES;
				CLANG_WARN_OBJC_IMPLICIT_RETAIN_SELF = YES;
				CLANG_WARN_OBJC_LITERAL_CONVERSION = YES;
				CLANG_WARN_OBJC_ROOT_CLASS = YES_ERROR;
				CLANG_WARN_QUOTED_INCLUDE_IN_FRAMEWORK_HEADER = YES;
				CLANG_WARN_RANGE_LOOP_ANALYSIS = YES;
				CLANG_WARN_STRICT_PROTOTYPES = YES;
				CLANG_WARN_SUSPICIOUS_MOVE = YES;
				CLANG_WARN_UNGUARDED_AVAILABILITY = YES_AGGRESSIVE;
				CLANG_WARN_UNREACHABLE_CODE = YES;
				CLANG_WARN__DUPLICATE_METHOD_MATCH = YES;
				COPY_PHASE_STRIP = NO;
				DEBUG_INFORMATION_FORMAT = dwarf;
				ENABLE_STRICT_OBJC_MSGSEND = YES;
				ENABLE_TESTABILITY = YES;
				GCC_C_LANGUAGE_STANDARD = gnu11;
				GCC_DYNAMIC_NO_PIC = NO;
				GCC_NO_COMMON_BLOCKS = YES;
				GCC_OPTIMIZATION_LEVEL = 0;
				GCC_PREPROCESSOR_DEFINITIONS = (
					"DEBUG=1",
					"$(inherited)",
				);
				GCC_WARN_64_TO_32_BIT_CONVERSION = YES;
				GCC_WARN_ABOUT_RETURN_TYPE = YES_ERROR;
				GCC_WARN_UNDECLARED_SELECTOR = YES;
				GCC_WARN_UNINITIALIZED_AUTOS = YES_AGGRESSIVE;
				GCC_WARN_UNUSED_FUNCTION = YES;
				GCC_WARN_UNUSED_VARIABLE = YES;
				IPHONEOS_DEPLOYMENT_TARGET = 14.5;
				MTL_ENABLE_DEBUG_INFO = INCLUDE_SOURCE;
				MTL_FAST_MATH = YES;
				ONLY_ACTIVE_ARCH = YES;
				SDKROOT = iphoneos;
				SWIFT_ACTIVE_COMPILATION_CONDITIONS = DEBUG;
				SWIFT_OPTIMIZATION_LEVEL = "-Onone";
			};
			name = Debug;
		};
		3AF6C61725D4F6CD00D3DFB1 /* Release */ = {
			isa = XCBuildConfiguration;
			buildSettings = {
				ALWAYS_SEARCH_USER_PATHS = NO;
				CLANG_ANALYZER_NONNULL = YES;
				CLANG_ANALYZER_NUMBER_OBJECT_CONVERSION = YES_AGGRESSIVE;
				CLANG_CXX_LANGUAGE_STANDARD = "gnu++14";
				CLANG_CXX_LIBRARY = "libc++";
				CLANG_ENABLE_MODULES = YES;
				CLANG_ENABLE_OBJC_ARC = YES;
				CLANG_ENABLE_OBJC_WEAK = YES;
				CLANG_WARN_BLOCK_CAPTURE_AUTORELEASING = YES;
				CLANG_WARN_BOOL_CONVERSION = YES;
				CLANG_WARN_COMMA = YES;
				CLANG_WARN_CONSTANT_CONVERSION = YES;
				CLANG_WARN_DEPRECATED_OBJC_IMPLEMENTATIONS = YES;
				CLANG_WARN_DIRECT_OBJC_ISA_USAGE = YES_ERROR;
				CLANG_WARN_DOCUMENTATION_COMMENTS = YES;
				CLANG_WARN_EMPTY_BODY = YES;
				CLANG_WARN_ENUM_CONVERSION = YES;
				CLANG_WARN_INFINITE_RECURSION = YES;
				CLANG_WARN_INT_CONVERSION = YES;
				CLANG_WARN_NON_LITERAL_NULL_CONVERSION = YES;
				CLANG_WARN_OBJC_IMPLICIT_RETAIN_SELF = YES;
				CLANG_WARN_OBJC_LITERAL_CONVERSION = YES;
				CLANG_WARN_OBJC_ROOT_CLASS = YES_ERROR;
				CLANG_WARN_QUOTED_INCLUDE_IN_FRAMEWORK_HEADER = YES;
				CLANG_WARN_RANGE_LOOP_ANALYSIS = YES;
				CLANG_WARN_STRICT_PROTOTYPES = YES;
				CLANG_WARN_SUSPICIOUS_MOVE = YES;
				CLANG_WARN_UNGUARDED_AVAILABILITY = YES_AGGRESSIVE;
				CLANG_WARN_UNREACHABLE_CODE = YES;
				CLANG_WARN__DUPLICATE_METHOD_MATCH = YES;
				COPY_PHASE_STRIP = NO;
				DEBUG_INFORMATION_FORMAT = "dwarf-with-dsym";
				ENABLE_NS_ASSERTIONS = NO;
				ENABLE_STRICT_OBJC_MSGSEND = YES;
				GCC_C_LANGUAGE_STANDARD = gnu11;
				GCC_NO_COMMON_BLOCKS = YES;
				GCC_WARN_64_TO_32_BIT_CONVERSION = YES;
				GCC_WARN_ABOUT_RETURN_TYPE = YES_ERROR;
				GCC_WARN_UNDECLARED_SELECTOR = YES;
				GCC_WARN_UNINITIALIZED_AUTOS = YES_AGGRESSIVE;
				GCC_WARN_UNUSED_FUNCTION = YES;
				GCC_WARN_UNUSED_VARIABLE = YES;
				IPHONEOS_DEPLOYMENT_TARGET = 14.5;
				MTL_ENABLE_DEBUG_INFO = NO;
				MTL_FAST_MATH = YES;
				SDKROOT = iphoneos;
				SWIFT_COMPILATION_MODE = wholemodule;
				SWIFT_OPTIMIZATION_LEVEL = "-O";
				VALIDATE_PRODUCT = YES;
			};
			name = Release;
		};
		3AF6C61925D4F6CD00D3DFB1 /* Debug */ = {
			isa = XCBuildConfiguration;
			buildSettings = {
				ASSETCATALOG_COMPILER_APPICON_NAME = AppIcon;
				ASSETCATALOG_COMPILER_GLOBAL_ACCENT_COLOR_NAME = AccentColor;
				CODE_SIGN_STYLE = Automatic;
				DEVELOPMENT_ASSET_PATHS = "\"GimmeADate/Preview Content\"";
				DEVELOPMENT_TEAM = LAD25KRM7X;
				ENABLE_PREVIEWS = YES;
				INFOPLIST_FILE = GimmeADate/Info.plist;
				IPHONEOS_DEPLOYMENT_TARGET = 14.0;
				LD_RUNPATH_SEARCH_PATHS = (
					"$(inherited)",
					"@executable_path/Frameworks",
				);
				MARKETING_VERSION = 0.0.1;
				PRODUCT_BUNDLE_IDENTIFIER = com.DrewConnelly.GAD;
				PRODUCT_NAME = "$(TARGET_NAME)";
				SWIFT_VERSION = 5.0;
				TARGETED_DEVICE_FAMILY = "1,2";
			};
			name = Debug;
		};
		3AF6C61A25D4F6CD00D3DFB1 /* Release */ = {
			isa = XCBuildConfiguration;
			buildSettings = {
				ASSETCATALOG_COMPILER_APPICON_NAME = AppIcon;
				ASSETCATALOG_COMPILER_GLOBAL_ACCENT_COLOR_NAME = AccentColor;
				CODE_SIGN_STYLE = Automatic;
				DEVELOPMENT_ASSET_PATHS = "\"GimmeADate/Preview Content\"";
				DEVELOPMENT_TEAM = LAD25KRM7X;
				ENABLE_PREVIEWS = YES;
				INFOPLIST_FILE = GimmeADate/Info.plist;
				IPHONEOS_DEPLOYMENT_TARGET = 14.0;
				LD_RUNPATH_SEARCH_PATHS = (
					"$(inherited)",
					"@executable_path/Frameworks",
				);
				MARKETING_VERSION = 0.0.1;
				PRODUCT_BUNDLE_IDENTIFIER = com.DrewConnelly.GAD;
				PRODUCT_NAME = "$(TARGET_NAME)";
				SWIFT_VERSION = 5.0;
				TARGETED_DEVICE_FAMILY = "1,2";
			};
			name = Release;
		};
		3AF6C61C25D4F6CD00D3DFB1 /* Debug */ = {
			isa = XCBuildConfiguration;
			buildSettings = {
				ALWAYS_EMBED_SWIFT_STANDARD_LIBRARIES = YES;
				BUNDLE_LOADER = "$(TEST_HOST)";
				CODE_SIGN_STYLE = Automatic;
				DEVELOPMENT_TEAM = LAD25KRM7X;
				INFOPLIST_FILE = GimmeADateTests/Info.plist;
				IPHONEOS_DEPLOYMENT_TARGET = 14.0;
				LD_RUNPATH_SEARCH_PATHS = (
					"$(inherited)",
					"@executable_path/Frameworks",
					"@loader_path/Frameworks",
				);
				PRODUCT_BUNDLE_IDENTIFIER = Droob.GimmeADateTests;
				PRODUCT_NAME = "$(TARGET_NAME)";
				SWIFT_VERSION = 5.0;
				TARGETED_DEVICE_FAMILY = "1,2";
				TEST_HOST = "$(BUILT_PRODUCTS_DIR)/GimmeADate.app/GimmeADate";
			};
			name = Debug;
		};
		3AF6C61D25D4F6CD00D3DFB1 /* Release */ = {
			isa = XCBuildConfiguration;
			buildSettings = {
				ALWAYS_EMBED_SWIFT_STANDARD_LIBRARIES = YES;
				BUNDLE_LOADER = "$(TEST_HOST)";
				CODE_SIGN_STYLE = Automatic;
				DEVELOPMENT_TEAM = LAD25KRM7X;
				INFOPLIST_FILE = GimmeADateTests/Info.plist;
				IPHONEOS_DEPLOYMENT_TARGET = 14.0;
				LD_RUNPATH_SEARCH_PATHS = (
					"$(inherited)",
					"@executable_path/Frameworks",
					"@loader_path/Frameworks",
				);
				PRODUCT_BUNDLE_IDENTIFIER = Droob.GimmeADateTests;
				PRODUCT_NAME = "$(TARGET_NAME)";
				SWIFT_VERSION = 5.0;
				TARGETED_DEVICE_FAMILY = "1,2";
				TEST_HOST = "$(BUILT_PRODUCTS_DIR)/GimmeADate.app/GimmeADate";
			};
			name = Release;
		};
		3AF6C61F25D4F6CD00D3DFB1 /* Debug */ = {
			isa = XCBuildConfiguration;
			buildSettings = {
				ALWAYS_EMBED_SWIFT_STANDARD_LIBRARIES = YES;
				CODE_SIGN_STYLE = Automatic;
				DEVELOPMENT_TEAM = LAD25KRM7X;
				INFOPLIST_FILE = GimmeADateUITests/Info.plist;
				LD_RUNPATH_SEARCH_PATHS = (
					"$(inherited)",
					"@executable_path/Frameworks",
					"@loader_path/Frameworks",
				);
				PRODUCT_BUNDLE_IDENTIFIER = Droob.GimmeADateUITests;
				PRODUCT_NAME = "$(TARGET_NAME)";
				SWIFT_VERSION = 5.0;
				TARGETED_DEVICE_FAMILY = "1,2";
				TEST_TARGET_NAME = GimmeADate;
			};
			name = Debug;
		};
		3AF6C62025D4F6CD00D3DFB1 /* Release */ = {
			isa = XCBuildConfiguration;
			buildSettings = {
				ALWAYS_EMBED_SWIFT_STANDARD_LIBRARIES = YES;
				CODE_SIGN_STYLE = Automatic;
				DEVELOPMENT_TEAM = LAD25KRM7X;
				INFOPLIST_FILE = GimmeADateUITests/Info.plist;
				LD_RUNPATH_SEARCH_PATHS = (
					"$(inherited)",
					"@executable_path/Frameworks",
					"@loader_path/Frameworks",
				);
				PRODUCT_BUNDLE_IDENTIFIER = Droob.GimmeADateUITests;
				PRODUCT_NAME = "$(TARGET_NAME)";
				SWIFT_VERSION = 5.0;
				TARGETED_DEVICE_FAMILY = "1,2";
				TEST_TARGET_NAME = GimmeADate;
			};
			name = Release;
		};
/* End XCBuildConfiguration section */

/* Begin XCConfigurationList section */
		3AF6C5EE25D4F6CC00D3DFB1 /* Build configuration list for PBXProject "GimmeADate" */ = {
			isa = XCConfigurationList;
			buildConfigurations = (
				3AF6C61625D4F6CD00D3DFB1 /* Debug */,
				3AF6C61725D4F6CD00D3DFB1 /* Release */,
			);
			defaultConfigurationIsVisible = 0;
			defaultConfigurationName = Release;
		};
		3AF6C61825D4F6CD00D3DFB1 /* Build configuration list for PBXNativeTarget "GimmeADate" */ = {
			isa = XCConfigurationList;
			buildConfigurations = (
				3AF6C61925D4F6CD00D3DFB1 /* Debug */,
				3AF6C61A25D4F6CD00D3DFB1 /* Release */,
			);
			defaultConfigurationIsVisible = 0;
			defaultConfigurationName = Release;
		};
		3AF6C61B25D4F6CD00D3DFB1 /* Build configuration list for PBXNativeTarget "GimmeADateTests" */ = {
			isa = XCConfigurationList;
			buildConfigurations = (
				3AF6C61C25D4F6CD00D3DFB1 /* Debug */,
				3AF6C61D25D4F6CD00D3DFB1 /* Release */,
			);
			defaultConfigurationIsVisible = 0;
			defaultConfigurationName = Release;
		};
		3AF6C61E25D4F6CD00D3DFB1 /* Build configuration list for PBXNativeTarget "GimmeADateUITests" */ = {
			isa = XCConfigurationList;
			buildConfigurations = (
				3AF6C61F25D4F6CD00D3DFB1 /* Debug */,
				3AF6C62025D4F6CD00D3DFB1 /* Release */,
			);
			defaultConfigurationIsVisible = 0;
			defaultConfigurationName = Release;
		};
/* End XCConfigurationList section */
	};
	rootObject = 3AF6C5EB25D4F6CC00D3DFB1 /* Project object */;
}
